<?xml version="1.0" encoding="UTF-8" standalone="yes" ?>
<CodeBlocks_project_file>
	<FileVersion major="1" minor="6" />
	<Project>
		<Option title="test" />
		<Option pch_mode="2" />
		<Option compiler="mingw_64_7_3_0" />
		<Build>
			<Target title="trend_direction_force_index">
				<Option output="bin/Release/test" prefix_auto="1" extension_auto="1" />
				<Option object_output="obj/Release/" />
				<Option type="1" />
				<Option compiler="mingw_64_7_3_0" />
				<Compiler>
					<Add option="-O2" />
					<Add option="-std=c++11" />
					<Add directory="../../include" />
				</Compiler>
				<Linker>
					<Add option="-s" />
					<Add directory="../../include" />
				</Linker>
			</Target>
			<Target title="cluster_shaper">
				<Option output="bin/Release/test" prefix_auto="1" extension_auto="1" />
				<Option object_output="obj/Release/" />
				<Option type="1" />
				<Option compiler="mingw_64_7_3_0" />
				<Compiler>
					<Add option="-O2" />
					<Add option="-std=c++11" />
					<Add option="-DFREEGLUT_STATIC" />
					<Add directory="../../include" />
					<Add directory="../../lib/easy_plot_cpp/include" />
					<Add directory="../../lib/freeglut/lib/x64" />
					<Add directory="../../lib/freeglut/include" />
				</Compiler>
				<Linker>
					<Add option="-s" />
					<Add library="freeglut_static" />
					<Add library="opengl32" />
					<Add library="winmm" />
					<Add library="gdi32" />
					<Add directory="../../include" />
					<Add directory="../../lib/easy_plot_cpp/include" />
					<Add directory="../../lib/freeglut/lib/x64" />
					<Add directory="../../lib/freeglut/include" />
				</Linker>
			</Target>
		</Build>
		<Compiler>
			<Add option="-Wall" />
			<Add option="-fexceptions" />
		</Compiler>
		<Unit filename="../../include/backtest/xtechnical_winrate_statistics.hpp" />
		<Unit filename="../../include/indicators/xtechnical_awesome_oscillator.hpp" />
		<Unit filename="../../include/indicators/xtechnical_cluster_shaper.hpp" />
		<Unit filename="../../include/indicators/xtechnical_crsi.hpp" />
		<Unit filename="../../include/indicators/xtechnical_delay_line.hpp" />
		<Unit filename="../../include/indicators/xtechnical_fast_min_max.hpp" />
		<Unit filename="../../include/indicators/xtechnical_fisher.hpp" />
		<Unit filename="../../include/indicators/xtechnical_rsi.hpp" />
		<Unit filename="../../include/indicators/xtechnical_sma.hpp" />
		<Unit filename="../../include/math/xtechnical_compare.hpp" />
		<Unit filename="../../include/math/xtechnical_ordinary_least_squares.hpp" />
		<Unit filename="../../include/math/xtechnical_smoothing.hpp" />
		<Unit filename="../../include/xtechnical_circular_buffer.hpp" />
		<Unit filename="../../include/xtechnical_common.hpp" />
		<Unit filename="../../include/xtechnical_correlation.hpp" />
		<Unit filename="../../include/xtechnical_delay_meter.hpp" />
		<Unit filename="../../include/xtechnical_dft.hpp" />
		<Unit filename="../../include/xtechnical_indicators.hpp" />
		<Unit filename="../../include/xtechnical_moving_window.hpp" />
		<Unit filename="../../include/xtechnical_normalization.hpp" />
		<Unit filename="../../include/xtechnical_regression_analysis.hpp" />
		<Unit filename="../../include/xtechnical_statistics.hpp" />
		<Unit filename="../../include/xtechnical_streaming_min_max.hpp" />
		<Unit filename="cluster_shaper.cpp">
			<Option target="cluster_shaper" />
		</Unit>
		<Unit filename="trend_direction_force_index.cpp">
			<Option target="trend_direction_force_index" />
		</Unit>
		<Extensions />
	</Project>
</CodeBlocks_project_file>
